
Microsoft Visual Studio Solution File, Format Version 12.00
# Visual Studio Version 17
VisualStudioVersion = 17.3.32901.215
MinimumVisualStudioVersion = 10.0.40219.1
Project("{FAE04EC0-301F-11D3-BF4B-00C04F79EFBC}") = "PRN211_Asm2_Salemanagement_WinApp", "PRN211_Asm2_Salemanagement_WinApp\PRN211_Asm2_Salemanagement_WinApp.csproj", "{121138FA-1B21-4ABB-89A6-6ED8BDEF4AB6}"
EndProject
Project("{FAE04EC0-301F-11D3-BF4B-00C04F79EFBC}") = "PRN211_Asm2_Salemanagement_Library", "PRN211_Asm2_Salemanagement_Library\PRN211_Asm2_Salemanagement_Library.csproj", "{BDDEE820-0DA1-4371-92F6-F77C5D7B78FB}"
EndProject
Global
	GlobalSection(SolutionConfigurationPlatforms) = preSolution
		Debug|Any CPU = Debug|Any CPU
		Release|Any CPU = Release|Any CPU
	EndGlobalSection
	GlobalSection(ProjectConfigurationPlatforms) = postSolution
		{121138FA-1B21-4ABB-89A6-6ED8BDEF4AB6}.Debug|Any CPU.ActiveCfg = Debug|Any CPU
		{121138FA-1B21-4ABB-89A6-6ED8BDEF4AB6}.Debug|Any CPU.Build.0 = Debug|Any CPU
		{121138FA-1B21-4ABB-89A6-6ED8BDEF4AB6}.Release|Any CPU.ActiveCfg = Release|Any CPU
		{121138FA-1B21-4ABB-89A6-6ED8BDEF4AB6}.Release|Any CPU.Build.0 = Release|Any CPU
		{BDDEE820-0DA1-4371-92F6-F77C5D7B78FB}.Debug|Any CPU.ActiveCfg = Debug|Any CPU
		{BDDEE820-0DA1-4371-92F6-F77C5D7B78FB}.Debug|Any CPU.Build.0 = Debug|Any CPU
		{BDDEE820-0DA1-4371-92F6-F77C5D7B78FB}.Release|Any CPU.ActiveCfg = Release|Any CPU
		{BDDEE820-0DA1-4371-92F6-F77C5D7B78FB}.Release|Any CPU.Build.0 = Release|Any CPU
	EndGlobalSection
	GlobalSection(SolutionProperties) = preSolution
		HideSolutionNode = FALSE
	EndGlobalSection
	GlobalSection(ExtensibilityGlobals) = postSolution
		SolutionGuid = {367C5060-9827-481F-BE30-1412B7D331BB}
	EndGlobalSection
EndGlobal
